
Microsoft Visual Studio Solution File, Format Version 12.00
# Visual Studio Version 17
VisualStudioVersion = 17.6.33815.320
MinimumVisualStudioVersion = 10.0.40219.1
Project("{9A19103F-16F7-4668-BE54-9A1E7A4F7556}") = "Lesson14", "Lesson14\Lesson14.csproj", "{6B9C2EDA-9998-4839-BFFC-1AE60997A562}"
EndProject
Project("{9A19103F-16F7-4668-BE54-9A1E7A4F7556}") = "Decorator", "Decorator\Decorator.csproj", "{2A2F35BA-E02F-4280-A8D7-D148C909074C}"
EndProject
Project("{9A19103F-16F7-4668-BE54-9A1E7A4F7556}") = "AbstractFactory", "AbstractFactory\AbstractFactory.csproj", "{C6D03837-5747-494A-B8F1-30D53FF3649D}"
EndProject
Project("{FAE04EC0-301F-11D3-BF4B-00C04F79EFBC}") = "Strategy", "Strategy\Strategy.csproj", "{4514D889-AC40-42B3-B69F-6F588031CEE5}"
EndProject
Global
	GlobalSection(SolutionConfigurationPlatforms) = preSolution
		Debug|Any CPU = Debug|Any CPU
		Release|Any CPU = Release|Any CPU
	EndGlobalSection
	GlobalSection(ProjectConfigurationPlatforms) = postSolution
		{6B9C2EDA-9998-4839-BFFC-1AE60997A562}.Debug|Any CPU.ActiveCfg = Debug|Any CPU
		{6B9C2EDA-9998-4839-BFFC-1AE60997A562}.Debug|Any CPU.Build.0 = Debug|Any CPU
		{6B9C2EDA-9998-4839-BFFC-1AE60997A562}.Release|Any CPU.ActiveCfg = Release|Any CPU
		{6B9C2EDA-9998-4839-BFFC-1AE60997A562}.Release|Any CPU.Build.0 = Release|Any CPU
		{2A2F35BA-E02F-4280-A8D7-D148C909074C}.Debug|Any CPU.ActiveCfg = Debug|Any CPU
		{2A2F35BA-E02F-4280-A8D7-D148C909074C}.Debug|Any CPU.Build.0 = Debug|Any CPU
		{2A2F35BA-E02F-4280-A8D7-D148C909074C}.Release|Any CPU.ActiveCfg = Release|Any CPU
		{2A2F35BA-E02F-4280-A8D7-D148C909074C}.Release|Any CPU.Build.0 = Release|Any CPU
		{C6D03837-5747-494A-B8F1-30D53FF3649D}.Debug|Any CPU.ActiveCfg = Debug|Any CPU
		{C6D03837-5747-494A-B8F1-30D53FF3649D}.Debug|Any CPU.Build.0 = Debug|Any CPU
		{C6D03837-5747-494A-B8F1-30D53FF3649D}.Release|Any CPU.ActiveCfg = Release|Any CPU
		{C6D03837-5747-494A-B8F1-30D53FF3649D}.Release|Any CPU.Build.0 = Release|Any CPU
		{4514D889-AC40-42B3-B69F-6F588031CEE5}.Debug|Any CPU.ActiveCfg = Debug|Any CPU
		{4514D889-AC40-42B3-B69F-6F588031CEE5}.Debug|Any CPU.Build.0 = Debug|Any CPU
		{4514D889-AC40-42B3-B69F-6F588031CEE5}.Release|Any CPU.ActiveCfg = Release|Any CPU
		{4514D889-AC40-42B3-B69F-6F588031CEE5}.Release|Any CPU.Build.0 = Release|Any CPU
	EndGlobalSection
	GlobalSection(SolutionProperties) = preSolution
		HideSolutionNode = FALSE
	EndGlobalSection
	GlobalSection(ExtensibilityGlobals) = postSolution
		SolutionGuid = {E90D3D93-2CEC-443A-8826-0E3D4054BFAC}
	EndGlobalSection
EndGlobal
